
Microsoft Visual Studio Solution File, Format Version 12.00
# Visual Studio Version 17
VisualStudioVersion = 17.9.34902.65
MinimumVisualStudioVersion = 10.0.40219.1
Project("{FAE04EC0-301F-11D3-BF4B-00C04F79EFBC}") = "Encrypt.WebService", "Encrypt.WebService\Encrypt.WebService.csproj", "{C37F3575-04DE-470D-A66A-159035D04046}"
EndProject
Global
	GlobalSection(SolutionConfigurationPlatforms) = preSolution
		Debug|Any CPU = Debug|Any CPU
		Release|Any CPU = Release|Any CPU
	EndGlobalSection
	GlobalSection(ProjectConfigurationPlatforms) = postSolution
		{C37F3575-04DE-470D-A66A-159035D04046}.Debug|Any CPU.ActiveCfg = Debug|Any CPU
		{C37F3575-04DE-470D-A66A-159035D04046}.Debug|Any CPU.Build.0 = Debug|Any CPU
		{C37F3575-04DE-470D-A66A-159035D04046}.Release|Any CPU.ActiveCfg = Release|Any CPU
		{C37F3575-04DE-470D-A66A-159035D04046}.Release|Any CPU.Build.0 = Release|Any CPU
	EndGlobalSection
	GlobalSection(SolutionProperties) = preSolution
		HideSolutionNode = FALSE
	EndGlobalSection
	GlobalSection(ExtensibilityGlobals) = postSolution
		SolutionGuid = {B7B0F9C5-60E6-44EE-B3CD-52E2A5BEC211}
	EndGlobalSection
EndGlobal
